
Microsoft Visual Studio Solution File, Format Version 12.00
# Visual Studio Version 16
VisualStudioVersion = 16.0.30523.141
MinimumVisualStudioVersion = 10.0.40219.1
Project("{9A19103F-16F7-4668-BE54-9A1E7A4F7556}") = "Destiny-2-Interface", "Destiny-2-Interface.csproj", "{6FA869A0-E68C-47AA-BD48-2456E6A1261A}"
EndProject
Project("{FAE04EC0-301F-11D3-BF4B-00C04F79EFBC}") = "Destiny-2-InterfaceTests", "..\Destiny-2-InterfaceTests\Destiny-2-InterfaceTests.csproj", "{EA94AF97-3C91-4AEA-A740-9F6C3F5DA016}"
EndProject
Global
	GlobalSection(SolutionConfigurationPlatforms) = preSolution
		Debug|Any CPU = Debug|Any CPU
		Release|Any CPU = Release|Any CPU
	EndGlobalSection
	GlobalSection(ProjectConfigurationPlatforms) = postSolution
		{6FA869A0-E68C-47AA-BD48-2456E6A1261A}.Debug|Any CPU.ActiveCfg = Debug|Any CPU
		{6FA869A0-E68C-47AA-BD48-2456E6A1261A}.Debug|Any CPU.Build.0 = Debug|Any CPU
		{6FA869A0-E68C-47AA-BD48-2456E6A1261A}.Release|Any CPU.ActiveCfg = Release|Any CPU
		{6FA869A0-E68C-47AA-BD48-2456E6A1261A}.Release|Any CPU.Build.0 = Release|Any CPU
		{EA94AF97-3C91-4AEA-A740-9F6C3F5DA016}.Debug|Any CPU.ActiveCfg = Debug|Any CPU
		{EA94AF97-3C91-4AEA-A740-9F6C3F5DA016}.Debug|Any CPU.Build.0 = Debug|Any CPU
		{EA94AF97-3C91-4AEA-A740-9F6C3F5DA016}.Release|Any CPU.ActiveCfg = Release|Any CPU
		{EA94AF97-3C91-4AEA-A740-9F6C3F5DA016}.Release|Any CPU.Build.0 = Release|Any CPU
	EndGlobalSection
	GlobalSection(SolutionProperties) = preSolution
		HideSolutionNode = FALSE
	EndGlobalSection
	GlobalSection(ExtensibilityGlobals) = postSolution
		SolutionGuid = {39E73BA4-39DB-4CF2-AFB3-3CBBA2144EE3}
	EndGlobalSection
EndGlobal
